
Microsoft Visual Studio Solution File, Format Version 12.00
# Visual Studio 15
VisualStudioVersion = 15.0.26430.6
MinimumVisualStudioVersion = 10.0.40219.1
Project("{FAE04EC0-301F-11D3-BF4B-00C04F79EFBC}") = "ORCS", "ORCS\ORCS.csproj", "{8E830172-EFA8-4A0A-8520-1FB2F61295B8}"
EndProject
Project("{FAE04EC0-301F-11D3-BF4B-00C04F79EFBC}") = "ORCS.Tests", "ORCS.Tests\ORCS.Tests.csproj", "{FE7273B5-1D2D-4475-895A-0D89F6927567}"
EndProject
Global
	GlobalSection(SolutionConfigurationPlatforms) = preSolution
		Debug|Any CPU = Debug|Any CPU
		Release|Any CPU = Release|Any CPU
	EndGlobalSection
	GlobalSection(ProjectConfigurationPlatforms) = postSolution
		{8E830172-EFA8-4A0A-8520-1FB2F61295B8}.Debug|Any CPU.ActiveCfg = Debug|Any CPU
		{8E830172-EFA8-4A0A-8520-1FB2F61295B8}.Debug|Any CPU.Build.0 = Debug|Any CPU
		{8E830172-EFA8-4A0A-8520-1FB2F61295B8}.Release|Any CPU.ActiveCfg = Release|Any CPU
		{8E830172-EFA8-4A0A-8520-1FB2F61295B8}.Release|Any CPU.Build.0 = Release|Any CPU
		{FE7273B5-1D2D-4475-895A-0D89F6927567}.Debug|Any CPU.ActiveCfg = Debug|Any CPU
		{FE7273B5-1D2D-4475-895A-0D89F6927567}.Debug|Any CPU.Build.0 = Debug|Any CPU
		{FE7273B5-1D2D-4475-895A-0D89F6927567}.Release|Any CPU.ActiveCfg = Release|Any CPU
		{FE7273B5-1D2D-4475-895A-0D89F6927567}.Release|Any CPU.Build.0 = Release|Any CPU
	EndGlobalSection
	GlobalSection(SolutionProperties) = preSolution
		HideSolutionNode = FALSE
	EndGlobalSection
EndGlobal
